
Microsoft Visual Studio Solution File, Format Version 12.00
# Visual Studio Version 16
VisualStudioVersion = 16.0.31515.178
MinimumVisualStudioVersion = 10.0.40219.1
Project("{8BC9CEB8-8B4A-11D0-8D11-00A0C91BC942}") = "week7.1", "week7.1\week7.1.vcxproj", "{B07F631B-9CDF-4EE9-A662-01953EF31FA4}"
EndProject
Global
	GlobalSection(SolutionConfigurationPlatforms) = preSolution
		Debug|x64 = Debug|x64
		Debug|x86 = Debug|x86
		Release|x64 = Release|x64
		Release|x86 = Release|x86
	EndGlobalSection
	GlobalSection(ProjectConfigurationPlatforms) = postSolution
		{B07F631B-9CDF-4EE9-A662-01953EF31FA4}.Debug|x64.ActiveCfg = Debug|x64
		{B07F631B-9CDF-4EE9-A662-01953EF31FA4}.Debug|x64.Build.0 = Debug|x64
		{B07F631B-9CDF-4EE9-A662-01953EF31FA4}.Debug|x86.ActiveCfg = Debug|Win32
		{B07F631B-9CDF-4EE9-A662-01953EF31FA4}.Debug|x86.Build.0 = Debug|Win32
		{B07F631B-9CDF-4EE9-A662-01953EF31FA4}.Release|x64.ActiveCfg = Release|x64
		{B07F631B-9CDF-4EE9-A662-01953EF31FA4}.Release|x64.Build.0 = Release|x64
		{B07F631B-9CDF-4EE9-A662-01953EF31FA4}.Release|x86.ActiveCfg = Release|Win32
		{B07F631B-9CDF-4EE9-A662-01953EF31FA4}.Release|x86.Build.0 = Release|Win32
	EndGlobalSection
	GlobalSection(SolutionProperties) = preSolution
		HideSolutionNode = FALSE
	EndGlobalSection
	GlobalSection(ExtensibilityGlobals) = postSolution
		SolutionGuid = {6BF6C9E9-5732-4F45-B524-2623E207C758}
	EndGlobalSection
EndGlobal
